
Microsoft Visual Studio Solution File, Format Version 12.00
# Visual Studio Version 17
VisualStudioVersion = 17.6.33815.320
MinimumVisualStudioVersion = 10.0.40219.1
Project("{FAE04EC0-301F-11D3-BF4B-00C04F79EFBC}") = "CSharpArraysAndLists", "CSharpArraysAndLists\CSharpArraysAndLists.csproj", "{C0F723DF-766A-4E09-9B66-D789B81A6D81}"
EndProject
Global
	GlobalSection(SolutionConfigurationPlatforms) = preSolution
		Debug|Any CPU = Debug|Any CPU
		Release|Any CPU = Release|Any CPU
	EndGlobalSection
	GlobalSection(ProjectConfigurationPlatforms) = postSolution
		{C0F723DF-766A-4E09-9B66-D789B81A6D81}.Debug|Any CPU.ActiveCfg = Debug|Any CPU
		{C0F723DF-766A-4E09-9B66-D789B81A6D81}.Debug|Any CPU.Build.0 = Debug|Any CPU
		{C0F723DF-766A-4E09-9B66-D789B81A6D81}.Release|Any CPU.ActiveCfg = Release|Any CPU
		{C0F723DF-766A-4E09-9B66-D789B81A6D81}.Release|Any CPU.Build.0 = Release|Any CPU
	EndGlobalSection
	GlobalSection(SolutionProperties) = preSolution
		HideSolutionNode = FALSE
	EndGlobalSection
	GlobalSection(ExtensibilityGlobals) = postSolution
		SolutionGuid = {D054D71C-C062-4CEB-8752-D5FCBDC16D76}
	EndGlobalSection
EndGlobal
